
Microsoft Visual Studio Solution File, Format Version 12.00
# Visual Studio Version 17
VisualStudioVersion = 17.6.33801.468
MinimumVisualStudioVersion = 10.0.40219.1
Project("{FAE04EC0-301F-11D3-BF4B-00C04F79EFBC}") = "prueba datagrid", "prueba datagrid\prueba datagrid.csproj", "{A0F8554D-7EE3-4007-BDD1-EF86A58DD99D}"
EndProject
Global
	GlobalSection(SolutionConfigurationPlatforms) = preSolution
		Debug|Any CPU = Debug|Any CPU
		Release|Any CPU = Release|Any CPU
	EndGlobalSection
	GlobalSection(ProjectConfigurationPlatforms) = postSolution
		{A0F8554D-7EE3-4007-BDD1-EF86A58DD99D}.Debug|Any CPU.ActiveCfg = Debug|Any CPU
		{A0F8554D-7EE3-4007-BDD1-EF86A58DD99D}.Debug|Any CPU.Build.0 = Debug|Any CPU
		{A0F8554D-7EE3-4007-BDD1-EF86A58DD99D}.Release|Any CPU.ActiveCfg = Release|Any CPU
		{A0F8554D-7EE3-4007-BDD1-EF86A58DD99D}.Release|Any CPU.Build.0 = Release|Any CPU
	EndGlobalSection
	GlobalSection(SolutionProperties) = preSolution
		HideSolutionNode = FALSE
	EndGlobalSection
	GlobalSection(ExtensibilityGlobals) = postSolution
		SolutionGuid = {CD7D6272-12C9-41E7-8840-5E382E8DE5F7}
	EndGlobalSection
EndGlobal
